
Microsoft Visual Studio Solution File, Format Version 12.00
# Visual Studio Version 16
VisualStudioVersion = 16.0.29609.76
MinimumVisualStudioVersion = 10.0.40219.1
Project("{9A19103F-16F7-4668-BE54-9A1E7A4F7556}") = "dino-rimas", "dino-rimas\dino-rimas.csproj", "{90284B72-B21B-4565-99F4-0A9BF85619B4}"
EndProject
Project("{FAE04EC0-301F-11D3-BF4B-00C04F79EFBC}") = "ConsoleApp", "ConsoleApp\ConsoleApp.csproj", "{207D2A4B-A88C-488E-9EB1-CE00F0AD265D}"
EndProject
Global
	GlobalSection(SolutionConfigurationPlatforms) = preSolution
		Debug|Any CPU = Debug|Any CPU
		Release|Any CPU = Release|Any CPU
	EndGlobalSection
	GlobalSection(ProjectConfigurationPlatforms) = postSolution
		{90284B72-B21B-4565-99F4-0A9BF85619B4}.Debug|Any CPU.ActiveCfg = Debug|Any CPU
		{90284B72-B21B-4565-99F4-0A9BF85619B4}.Debug|Any CPU.Build.0 = Debug|Any CPU
		{90284B72-B21B-4565-99F4-0A9BF85619B4}.Release|Any CPU.ActiveCfg = Release|Any CPU
		{90284B72-B21B-4565-99F4-0A9BF85619B4}.Release|Any CPU.Build.0 = Release|Any CPU
		{207D2A4B-A88C-488E-9EB1-CE00F0AD265D}.Debug|Any CPU.ActiveCfg = Debug|Any CPU
		{207D2A4B-A88C-488E-9EB1-CE00F0AD265D}.Debug|Any CPU.Build.0 = Debug|Any CPU
		{207D2A4B-A88C-488E-9EB1-CE00F0AD265D}.Release|Any CPU.ActiveCfg = Release|Any CPU
		{207D2A4B-A88C-488E-9EB1-CE00F0AD265D}.Release|Any CPU.Build.0 = Release|Any CPU
	EndGlobalSection
	GlobalSection(SolutionProperties) = preSolution
		HideSolutionNode = FALSE
	EndGlobalSection
	GlobalSection(ExtensibilityGlobals) = postSolution
		SolutionGuid = {7610731D-DCD5-469B-B463-92C0A9203E50}
	EndGlobalSection
EndGlobal
